github.com/mattn/go-sqlite3 v1.14.22 h1:2gZY6PC6kBnID23Tichd1K+Z0oS6nE/XwU+Vz/5o4kU=
github.com/mattn/go-sqlite3 v1.14.22/go.mod h1:Uh1q+B4BYcTPb+yiD3kU8Ct7aC0hY9fxUwlHK0RXw+Y=
github.com/terminar/simplesqlite v0.0.0-20240811163019-f2a6c3cbea17 h1:U0VeWu6VRL89XH3/0HobGgQFaRaHF2MZIj9LMYhZ3Ng=
github.com/terminar/simplesqlite v0.0.0-20240811163019-f2a6c3cbea17/go.mod h1:7E7W7YEEPtLF8gSwgXz4pRxCkqAfY0Om79qABbVZ1NE=
github.com/xyproto/cookie/v2 v2.2.5 h1:g4v1/1hpVbacK+PklgzujnUYgGFmT2riz/cZfePD04k=
github.com/xyproto/cookie/v2 v2.2.5/go.mod h1:SkeeteOip8UEegYTF4H+WIzrgKVrqh7o0t97i3vymjw=
github.com/xyproto/env/v2 v2.2.5 h1:FNrp56sptc7ebC2QpM8lqKSGEb3UoYUJZZFl4bmcrPs=
github.com/xyproto/env/v2 v2.2.5/go.mod h1:F81ZEzu15s3TWUZJ1uzBl9iNeq9zcfHvxMkQJaLZUl0=
github.com/xyproto/pinterface v1.5.3 h1:RKkNT88cwrSqD9hU4cYAO5yeo8srg4TG+74Pcj88iz0=
github.com/xyproto/pinterface v1.5.3/go.mod h1:X5B5pKE49ak7SpyDh5QvJvLH9cC9XuZNDcl5hEyYc34=
github.com/xyproto/randomstring v1.0.5 h1:YtlWPoRdgMu3NZtP45drfy1GKoojuR7hmRcnhZqKjWU=
github.com/xyproto/randomstring v1.0.5/go.mod h1:rgmS5DeNXLivK7YprL0pY+lTuhNQW3iGxZ18UQApw/E=
golang.org/x/crypto v0.23.0 h1:dIJU/v2J8Mdglj/8rJ6UUOM3Zc9zLZxVZwwxMooUSAI=
golang.org/x/crypto v0.23.0/go.mod h1:CKFgDieR+mRhux2Lsu27y0fO304Db0wZe70UKqHu0v8=
